github.com/Mishka-Squat/gamemath v0.0.0-20260220115342-d6e8c273dd36 h1:Ozuz6FQAYpGh+CLjLV6P41g4TW+akOTG9kOSkRI5H7A=
github.com/Mishka-Squat/gamemath v0.0.0-20260220115342-d6e8c273dd36/go.mod h1:c9wB7m7CfRh0xtUg1zdBQ+UShieIS4fvGu84IytLCCk=
github.com/Mishka-Squat/gamemath v0.0.0-20260225094721-ae81770f08a5 h1:j2QzXeGsUv8VHyATqDSEQ8awe+17aIIHr96AJa+C6LI=
github.com/Mishka-Squat/gamemath v0.0.0-20260225094721-ae81770f08a5/go.mod h1:aMNUd4R9G0+XEByo2JF6C0C3nWCfkesV+9lW5p/qyHI=
github.com/Mishka-Squat/gamemath v0.0.0-20260309191408-2b2b0e77d8cc h1:iodY/eJbsDtAZTym5O+OxS2jjbP0B7P2KMULoTXVkwo=
github.com/Mishka-Squat/gamemath v0.0.0-20260309191408-2b2b0e77d8cc/go.mod h1:+oYtVsXjJE6OQKJ43+D9doTuUY2T5G1rizDAtnzf52g=
github.com/Mishka-Squat/gamemath v0.0.0-20260314181207-3a77621846c3 h1:xe2wWfpiXvaTJF4zpUNEmbHjCY+SXD+2MmAMn8rz4AI=
github.com/Mishka-Squat/gamemath v0.0.0-20260314181207-3a77621846c3/go.mod h1:psh8ksx83EQTjvHWIQmnPLJ1GyWB9iBe1qy0GjNF9GI=
github.com/Mishka-Squat/gamemath v0.0.0-20260410141831-df6b051dcd73 h1:uO5WjRwcRSHwhOM9Xd9jAouddSVw95nHSSBtcj4U+G8=
github.com/Mishka-Squat/gamemath v0.0.0-20260410141831-df6b051dcd73/go.mod h1:AlMN8IhTqSPaT+ffvu7YpOp6E3HpBrqa5zgeLMFh/pA=
github.com/Mishka-Squat/gamemath v0.0.0-20260410153339-fe866f803731 h1:wfojR1O/qZerxVI/vyEGqJEpZzzog/+I8gvV15Dw4GE=
github.com/Mishka-Squat/gamemath v0.0.0-20260410153339-fe866f803731/go.mod h1:hzC9I4btyvebg2AeUAEjRZJAgB2fp/Lp8I8EECIW2tw=
github.com/Mishka-Squat/gamemath v0.0.0-20260416222311-4df43ca72563 h1:R5NCBAwdr6ZL1u870y0/z/NdFeyxSWUw0QM2M6KprpA=
github.com/Mishka-Squat/gamemath v0.0.0-20260416222311-4df43ca72563/go.mod h1:1W5E7lmGRIPNmemHOei6k5d5thxeyjVc4mQvrvJTum0=
github.com/Mishka-Squat/gamemath v0.1.0 h1:xrBJ3JAygni2s5vmtnS9cb5/4rU3k7VgLHaL35cpgHo=
github.com/Mishka-Squat/gamemath v0.1.0/go.mod h1:1W5E7lmGRIPNmemHOei6k5d5thxeyjVc4mQvrvJTum0=
github.com/Mishka-Squat/goex v0.0.0-20260220093026-a6a159ee586e h1:wmZKOBGuan16eHb084X+wKIb56E8YB9sMSNxPsDOcbk=
github.com/Mishka-Squat/goex v0.0.0-20260220093026-a6a159ee586e/go.mod h1:UlntSj+kA1/qMnEKQEEF0LQ4t7SB7R1moXwvJAphYsc=
github.com/Mishka-Squat/goex v0.0.0-20260226220030-0e1bc9a956a3 h1:LowjKsJLUUDPi+2ttb+KHWFPhaiew1kbcRk6VfUtwuQ=
github.com/Mishka-Squat/goex v0.0.0-20260226220030-0e1bc9a956a3/go.mod h1:Dk3vpmr4MNcPG9oam9XOV28udaLYUeUNyMkqKENchF0=
github.com/Mishka-Squat/goex v0.0.0-20260312232603-01345e9ec059 h1:PGSR+wlbVsmEnqdA4wf8KGHcPT6snD4s0xpETDJ0YbI=
github.com/Mishka-Squat/goex v0.0.0-20260312232603-01345e9ec059/go.mod h1:Dk3vpmr4MNcPG9oam9XOV28udaLYUeUNyMkqKENchF0=
github.com/Mishka-Squat/goex v0.0.0-20260408093508-20944c6d514d h1:KH1jGU9N7g07XsHEkZ7oHlLdiZ3f6zWppAFmSryte1Q=
github.com/Mishka-Squat/goex v0.0.0-20260408093508-20944c6d514d/go.mod h1:6S8pDMEP6L0FLSDTjtDumRaVPJQSkft/hfeW8lZlaLU=
github.com/Mishka-Squat/goex v0.0.0-20260410140447-afaf9800e846 h1:YzklFIOzET0gCLedlMOJdc3fnzpmOOnTsuG7++EoVDg=
github.com/Mishka-Squat/goex v0.0.0-20260410140447-afaf9800e846/go.mod h1:6S8pDMEP6L0FLSDTjtDumRaVPJQSkft/hfeW8lZlaLU=
github.com/Mishka-Squat/goex v0.0.0-20260416221119-e795dc6e095d h1:Z59mkOjp68pGvbVpysmJpKgVJwx7t61+odRp9pXAck0=
github.com/Mishka-Squat/goex v0.0.0-20260416221119-e795dc6e095d/go.mod h1:Q5XPU/eWhTu/Efmp9yqmGXppuEs1QXYlj64BRZpgsGQ=
github.com/Mishka-Squat/goex v0.1.0 h1:pJ677EoYTEzygxi00ywiKPc0c2KKI54S2vFrN7hSJ+I=
github.com/Mishka-Squat/goex v0.1.0/go.mod h1:Q5XPU/eWhTu/Efmp9yqmGXppuEs1QXYlj64BRZpgsGQ=
github.com/Mishka-Squat/raylib-go/easings v0.0.0-20260220111826-0920877398a5 h1:Wo38CD7xVbsc3X4bUGrKH7bEyCn1NKgg8lJ07wUum5s=
github.com/Mishka-Squat/raylib-go/easings v0.0.0-20260220111826-0920877398a5/go.mod h1:mvcAf13fp7U0yZeBE59ELXzzgvDm+wk2vY5pFCasMwE=
github.com/Mishka-Squat/raylib-go/physics v0.0.0-20260220111826-0920877398a5 h1:v7IFkYNoEzgG3lvZHvoHS08jxRglyDeV1/Ir0/lWix8=
github.com/Mishka-Squat/raylib-go/physics v0.0.0-20260220111826-0920877398a5/go.mod h1:6b7aFcHkEwbrxk0JGxn5GjHFBJZ6Lk72pVXtANf7vCs=
github.com/Mishka-Squat/raylib-go/raygui v0.0.0-20260220111826-0920877398a5 h1:JoGMTaWAdazu0A8bGpt3bmGvvV9iQP4FWpiQ91zDRXE=
github.com/Mishka-Squat/raylib-go/raygui v0.0.0-20260220111826-0920877398a5/go.mod h1:VIo5Ie1wxwZ84wkEvodaqzJQ4PFaraSkJJcn2y/osMg=
github.com/Mishka-Squat/raylib-go/raylib v0.0.0-20260220111826-0920877398a5 h1:hCxAA+5N++z9fS4eoQWYbXDTnNYAaoJiMx1ps+kdFeM=
github.com/Mishka-Squat/raylib-go/raylib v0.0.0-20260220111826-0920877398a5/go.mod h1:egiQBZuE+e985GaQ7kpunCk1dlQ/39MX3SQX49qxE2w=
github.com/chewxy/math32 v1.11.1 h1:b7PGHlp8KjylDoU8RrcEsRuGZhJuz8haxnKfuMMRqy8=
github.com/chewxy/math32 v1.11.1/go.mod h1:dOB2rcuFrCn6UHrze36WSLVPKtzPMRAQvBvUwkSsLqs=
github.com/ebitengine/purego v0.9.1 h1:a/k2f2HQU3Pi399RPW1MOaZyhKJL9w/xFpKAg4q1s0A=
github.com/ebitengine/purego v0.9.1/go.mod h1:iIjxzd6CiRiOG0UyXP+V1+jWqUXVjPKLAI0mRfJZTmQ=
github.com/ebitengine/purego v0.10.0 h1:QIw4xfpWT6GWTzaW5XEKy3HXoqrJGx1ijYHzTF0/ISU=
github.com/ebitengine/purego v0.10.0/go.mod h1:iIjxzd6CiRiOG0UyXP+V1+jWqUXVjPKLAI0mRfJZTmQ=
github.com/jakecoffman/cp v1.2.1 h1:zkhc2Gpo9l4NLUZfeG3j33+3bQD7MkqPa+n5PdX+5mI=
github.com/jakecoffman/cp v1.2.1/go.mod h1:JjY/Fp6d8E1CHnu74gWNnU0+b9VzEdUVPoJxg2PsTQg=
github.com/neguse/go-box2d-lite v0.0.0-20170921151050-5d8ed9b7272b h1:+67TGbwfgeB5o03Rx+ZBW44zAQ+wUujcwdRA0p9CbJI=
github.com/neguse/go-box2d-lite v0.0.0-20170921151050-5d8ed9b7272b/go.mod h1:kvKwD9codtns5mvpA53V3vLnqFb/Ahcu8zgkGM0SIbI=
github.com/neguse/go-box2d-lite v0.0.0-20260315142500-8c06e40d0e7b h1:NS8iXMOgDJld6wNedUr0DYumbtLip48XBWiPUR9Th/o=
github.com/neguse/go-box2d-lite v0.0.0-20260315142500-8c06e40d0e7b/go.mod h1:kvKwD9codtns5mvpA53V3vLnqFb/Ahcu8zgkGM0SIbI=
go.yaml.in/yaml/v4 v4.0.0-rc.4 h1:UP4+v6fFrBIb1l934bDl//mmnoIZEDK0idg1+AIvX5U=
go.yaml.in/yaml/v4 v4.0.0-rc.4/go.mod h1:aZqd9kCMsGL7AuUv/m/PvWLdg5sjJsZ4oHDEnfPPfY0=
golang.org/x/exp v0.0.0-20260218203240-3dfff04db8fa h1:Zt3DZoOFFYkKhDT3v7Lm9FDMEV06GpzjG2jrqW+QTE0=
golang.org/x/exp v0.0.0-20260218203240-3dfff04db8fa/go.mod h1:K79w1Vqn7PoiZn+TkNpx3BUWUQksGO3JcVX6qIjytmA=
golang.org/x/exp v0.0.0-20260312153236-7ab1446f8b90 h1:jiDhWWeC7jfWqR9c/uplMOqJ0sbNlNWv0UkzE0vX1MA=
golang.org/x/exp v0.0.0-20260312153236-7ab1446f8b90/go.mod h1:xE1HEv6b+1SCZ5/uscMRjUBKtIxworgEcEi+/n9NQDQ=
golang.org/x/exp v0.0.0-20260410095643-746e56fc9e2f h1:W3F4c+6OLc6H2lb//N1q4WpJkhzJCK5J6kUi1NTVXfM=
golang.org/x/exp v0.0.0-20260410095643-746e56fc9e2f/go.mod h1:J1xhfL/vlindoeF/aINzNzt2Bket5bjo9sdOYzOsU80=
golang.org/x/sys v0.41.0 h1:Ivj+2Cp/ylzLiEU89QhWblYnOE9zerudt9Ftecq2C6k=
golang.org/x/sys v0.41.0/go.mod h1:OgkHotnGiDImocRcuBABYBEXf8A9a87e/uXjp9XT3ks=
golang.org/x/sys v0.42.0 h1:omrd2nAlyT5ESRdCLYdm3+fMfNFE/+Rf4bDIQImRJeo=
golang.org/x/sys v0.42.0/go.mod h1:4GL1E5IUh+htKOUEOaiffhrAeqysfVGipDYzABqnCmw=
golang.org/x/sys v0.43.0 h1:Rlag2XtaFTxp19wS8MXlJwTvoh8ArU6ezoyFsMyCTNI=
golang.org/x/sys v0.43.0/go.mod h1:4GL1E5IUh+htKOUEOaiffhrAeqysfVGipDYzABqnCmw=
