github.com/chewxy/math32 v1.11.1 h1:b7PGHlp8KjylDoU8RrcEsRuGZhJuz8haxnKfuMMRqy8=
github.com/chewxy/math32 v1.11.1/go.mod h1:dOB2rcuFrCn6UHrze36WSLVPKtzPMRAQvBvUwkSsLqs=
github.com/creack/pty v1.1.9/go.mod h1:oKZEueFk5CKHvIhNR5MUki03XCEU+Q6VDXinZuGJ33E=
github.com/davecgh/go-spew v1.1.1 h1:vj9j/u1bqnvCEfJOwUhtlOARqs3+rkHYY13jYWTU97c=
github.com/davecgh/go-spew v1.1.1/go.mod h1:J7Y8YcW2NihsgmVo/mv3lAwl/skON4iLHjSsI+c5H38=
github.com/ebitengine/purego v0.9.0 h1:mh0zpKBIXDceC63hpvPuGLiJ8ZAa3DfrFTudmfi8A4k=
github.com/ebitengine/purego v0.9.0/go.mod h1:iIjxzd6CiRiOG0UyXP+V1+jWqUXVjPKLAI0mRfJZTmQ=
github.com/igadmg/gamemath v0.0.0-20250912082247-0e04577f05ef h1:qOnqyv9cLcn4uRYc+B0uW3duwCSvVbdlj+EvU3YHfEo=
github.com/igadmg/gamemath v0.0.0-20250912082247-0e04577f05ef/go.mod h1:TkVCs3wFiJ0TXadTifCwHSUdg6E5QgJ733v6xkm/jY4=
github.com/igadmg/goex v0.0.0-20250912082322-832a32ad1931 h1:DireMs02fNI/Y4DipfVZYWgbIy/ChDxR0ViYMvYeAvY=
github.com/igadmg/goex v0.0.0-20250912082322-832a32ad1931/go.mod h1:5nqkVbIVKde3dQZcFBoYsYpedgBO4fFK9WJbu2Q4TSU=
github.com/igadmg/raylib-go/easings v0.0.0-20250502171607-bcf0fc4a100d h1:soHFgUekkOAwpbDuw6j/Cm5E+wdSila9+fvzSK5o67Y=
github.com/igadmg/raylib-go/easings v0.0.0-20250502171607-bcf0fc4a100d/go.mod h1:YTsjeYGXNyTKNf/lQsII0KM5bxwIGUkOocZ92892EqQ=
github.com/igadmg/raylib-go/physics v0.0.0-20250502171607-bcf0fc4a100d h1:pcJZKm9BL9l+Ib1ozSWNj8hCOMPCGowDQ+BsCUj2mFU=
github.com/igadmg/raylib-go/physics v0.0.0-20250502171607-bcf0fc4a100d/go.mod h1:2XeAlOWwbrzkWuy9UZNRZJuT0SehpqSamwDPeoBrQus=
github.com/igadmg/raylib-go/raygui v0.0.0-20250502171607-bcf0fc4a100d h1:ysjzQaK+GR47YcS+ir8QfhH9SbFZNwLGapFkOLggHFA=
github.com/igadmg/raylib-go/raygui v0.0.0-20250502171607-bcf0fc4a100d/go.mod h1:oY7N6Hul2P2qq/VHtQ723BLWHe1NbeHmwR7aztDh4+s=
github.com/igadmg/raylib-go/raylib v0.0.0-20250502171607-bcf0fc4a100d h1:XdYWlXynH5zdXg4YTXwQO8g/QZADgx9As+VUDFRdzSk=
github.com/igadmg/raylib-go/raylib v0.0.0-20250502171607-bcf0fc4a100d/go.mod h1:w+XQGAgqPkF/qEySy7gzRDOobtA4Jb5QHVQ/o9UgIps=
github.com/jakecoffman/cp v1.2.1 h1:zkhc2Gpo9l4NLUZfeG3j33+3bQD7MkqPa+n5PdX+5mI=
github.com/jakecoffman/cp v1.2.1/go.mod h1:JjY/Fp6d8E1CHnu74gWNnU0+b9VzEdUVPoJxg2PsTQg=
github.com/kr/pretty v0.3.1 h1:flRD4NNwYAUpkphVc1HcthR4KEIFJ65n8Mw5qdRn3LE=
github.com/kr/pretty v0.3.1/go.mod h1:hoEshYVHaxMs3cyo3Yncou5ZscifuDolrwPKZanG3xk=
github.com/kr/text v0.2.0 h1:5Nx0Ya0ZqY2ygV366QzturHI13Jq95ApcVaJBhpS+AY=
github.com/kr/text v0.2.0/go.mod h1:eLer722TekiGuMkidMxC/pM04lWEeraHUUmBw8l2grE=
github.com/neguse/go-box2d-lite v0.0.0-20170921151050-5d8ed9b7272b h1:+67TGbwfgeB5o03Rx+ZBW44zAQ+wUujcwdRA0p9CbJI=
github.com/neguse/go-box2d-lite v0.0.0-20170921151050-5d8ed9b7272b/go.mod h1:kvKwD9codtns5mvpA53V3vLnqFb/Ahcu8zgkGM0SIbI=
github.com/pmezard/go-difflib v1.0.0 h1:4DBwDE0NGyQoBHbLQYPwSUPoCMWR5BEzIk/f1lZbAQM=
github.com/pmezard/go-difflib v1.0.0/go.mod h1:iKH77koFhYxTK1pcRnkKkqfTogsbg7gZNVY4sRDYZ/4=
github.com/rogpeppe/go-internal v1.12.0 h1:exVL4IDcn6na9z1rAb56Vxr+CgyK3nn3O+epU5NdKM8=
github.com/rogpeppe/go-internal v1.12.0/go.mod h1:E+RYuTGaKKdloAfM02xzb0FW3Paa99yedzYV+kq4uf4=
github.com/stretchr/testify v1.11.1 h1:7s2iGBzp5EwR7/aIZr8ao5+dra3wiQyKjjFuvgVKu7U=
github.com/stretchr/testify v1.11.1/go.mod h1:wZwfW3scLgRK+23gO65QZefKpKQRnfz6sD981Nm4B6U=
golang.org/x/exp v0.0.0-20251002181428-27f1f14c8bb9 h1:TQwNpfvNkxAVlItJf6Cr5JTsVZoC/Sj7K3OZv2Pc14A=
golang.org/x/exp v0.0.0-20251002181428-27f1f14c8bb9/go.mod h1:TwQYMMnGpvZyc+JpB/UAuTNIsVJifOlSkrZkhcvpVUk=
golang.org/x/sys v0.36.0 h1:KVRy2GtZBrk1cBYA7MKu5bEZFxQk4NIDV6RLVcC8o0k=
golang.org/x/sys v0.36.0/go.mod h1:OgkHotnGiDImocRcuBABYBEXf8A9a87e/uXjp9XT3ks=
gopkg.in/check.v1 v0.0.0-20161208181325-20d25e280405/go.mod h1:Co6ibVJAznAaIkqp8huTwlJQCZ016jof/cbN4VW5Yz0=
gopkg.in/check.v1 v1.0.0-20201130134442-10cb98267c6c h1:Hei/4ADfdWqJk1ZMxUNpqntNwaWcugrBjAiHlqqRiVk=
gopkg.in/check.v1 v1.0.0-20201130134442-10cb98267c6c/go.mod h1:JHkPIbrfpd72SG/EVd6muEfDQjcINNoR0C8j2r3qZ4Q=
gopkg.in/yaml.v3 v3.0.1 h1:fxVm/GzAzEWqLHuvctI91KS9hhNmmWOoWu0XTYJS7CA=
gopkg.in/yaml.v3 v3.0.1/go.mod h1:K4uyk7z7BCEPqu6E+C64Yfv1cQ7kz7rIZviUmN+EgEM=
