github.com/igadmg/gamemath v0.0.0-20260101133112-c4fa6ddd0497 h1:C6a0p9RPpXdwAOsd9D8sQVGG4xWv6KDx4I+7TeRjXQw=
github.com/igadmg/gamemath v0.0.0-20260101133112-c4fa6ddd0497/go.mod h1:RKhQh0aR8SBtCJ1/7uz/+5hHTgaefcZjvc65dDvXf8k=
github.com/igadmg/gamemath v0.0.0-20260102145644-a6870add6615 h1:afis/wvJDxu2iqWUH3RiX+byhn33TC0M6OcQDhTGL3M=
github.com/igadmg/gamemath v0.0.0-20260102145644-a6870add6615/go.mod h1:KHY0AbvZQbE2bmQlY3cAW5ibhQssENVdm+mgalVqpyQ=
